
Microsoft Visual Studio Solution File, Format Version 12.00
# Visual Studio 14
VisualStudioVersion = 14.0.25420.1
MinimumVisualStudioVersion = 10.0.40219.1
Project("{8BB2217D-0F2D-49D1-97BC-3654ED321F3B}") = "P7.Core", "src\P7.Core\P7.Core.xproj", "{69CCD39D-DD7B-4519-A046-3CA3E9598BA5}"
EndProject
Project("{8BB2217D-0F2D-49D1-97BC-3654ED321F3B}") = "P7.Filters", "src\P7.Filters\P7.Filters.xproj", "{4D509477-4E36-4641-8986-2DD5BD73A1D2}"
EndProject
Project("{8BB2217D-0F2D-49D1-97BC-3654ED321F3B}") = "P7.Globalization", "src\P7.Globalization\P7.Globalization.xproj", "{C1308158-390F-418E-A68D-B4E0A1406A13}"
EndProject
Project("{8BB2217D-0F2D-49D1-97BC-3654ED321F3B}") = "P7.SimpleRedirector", "src\P7.SimpleRedirector\P7.SimpleRedirector.xproj", "{E3205686-ABE7-49DC-A122-9E1808C97F93}"
EndProject
Project("{2150E333-8FDC-42A3-9474-1A3956D46DE8}") = "P7", "P7", "{C5FC6187-D205-4201-BF0C-64881BCEB3B0}"
EndProject
Project("{2150E333-8FDC-42A3-9474-1A3956D46DE8}") = "TheApp", "TheApp", "{005C0CCC-FF11-48F1-BCC6-D07950675B14}"
EndProject
Project("{8BB2217D-0F2D-49D1-97BC-3654ED321F3B}") = "DevAuth", "src\DevAuth\DevAuth.xproj", "{AECAD73A-25FA-4C9C-85F0-BA84B3014FFA}"
EndProject
Project("{2150E333-8FDC-42A3-9474-1A3956D46DE8}") = "asp.net Identity", "asp.net Identity", "{7DF223F9-DA89-4F88-A58A-AE606FE5B34B}"
EndProject
Project("{8BB2217D-0F2D-49D1-97BC-3654ED321F3B}") = "TwitterAuth", "src\TwitterAuth\TwitterAuth.xproj", "{4DC1C029-D7F0-4CFE-99DD-F39FA40F64BA}"
EndProject
Project("{2150E333-8FDC-42A3-9474-1A3956D46DE8}") = "Biggy", "Biggy", "{2564996B-926A-4C19-BC8F-88E1274FD0C9}"
EndProject
Project("{8BB2217D-0F2D-49D1-97BC-3654ED321F3B}") = "Hugo.Core", "src\Hugo.Biggy\Hugo.Core\Hugo.Core.xproj", "{D6E6FDCC-FCD0-4441-8CD9-99CB7981A9C3}"
EndProject
Project("{8BB2217D-0F2D-49D1-97BC-3654ED321F3B}") = "Hugo.Data.Json", "src\Hugo.Biggy\Hugo.Data.Json\Hugo.Data.Json.xproj", "{6A031DFB-8713-4A3E-823E-B433F5633BCE}"
EndProject
Project("{8BB2217D-0F2D-49D1-97BC-3654ED321F3B}") = "WebApplication5", "src\WebApplication5\WebApplication5.xproj", "{EA7C69A0-5C1B-48AD-B57E-9ADFE32EC83E}"
EndProject
Project("{8BB2217D-0F2D-49D1-97BC-3654ED321F3B}") = "p7.Authorization", "src\p7.Authorization\p7.Authorization.xproj", "{6399A040-C9C9-4D4E-B0D5-60334C35FDF2}"
EndProject
Project("{8BB2217D-0F2D-49D1-97BC-3654ED321F3B}") = "p7.main", "src\p7.main\p7.main.xproj", "{659669E3-70AD-4AA7-B526-DBB46C38DA49}"
EndProject
Project("{8BB2217D-0F2D-49D1-97BC-3654ED321F3B}") = "p7.Services", "src\p7.Services\p7.Services.xproj", "{95B6A1E9-835B-48EB-8835-AA5C8F67E29A}"
EndProject
Project("{8BB2217D-0F2D-49D1-97BC-3654ED321F3B}") = "Loc.HelloServices", "src\Loc.HelloServices\Loc.HelloServices.xproj", "{6B92931D-1E03-49D5-8AF0-270B33872EAD}"
EndProject
Project("{8BB2217D-0F2D-49D1-97BC-3654ED321F3B}") = "P7.SimpleRedirect.Core", "src\P7.SimpleRedirect.Core\P7.SimpleRedirect.Core.xproj", "{DFB7D077-FBF0-4485-90BA-58785EC7D0B2}"
EndProject
Project("{2150E333-8FDC-42A3-9474-1A3956D46DE8}") = "Tests", "Tests", "{69A0C3AF-BBE3-47DF-A604-5213347D455E}"
EndProject
Project("{8BB2217D-0F2D-49D1-97BC-3654ED321F3B}") = "P7.GraphQLCore", "src\P7.GraphQLCore\P7.GraphQLCore.xproj", "{4680B961-E24E-4646-8596-C9CDA49C435A}"
EndProject
Project("{8BB2217D-0F2D-49D1-97BC-3654ED321F3B}") = "Test.P7.GraphQLCoreTest", "src\Test.P7.GraphQLCoreTest\Test.P7.GraphQLCoreTest.xproj", "{2303315D-1C5C-474A-876B-5F1294778EFF}"
EndProject
Project("{8BB2217D-0F2D-49D1-97BC-3654ED321F3B}") = "P7.GraphQLViewer", "src\P7.GraphQLViewer\P7.GraphQLViewer.xproj", "{B717FE5F-6AB8-4EDD-AE71-8E421B259105}"
EndProject
Global
	GlobalSection(SolutionConfigurationPlatforms) = preSolution
		Debug|Any CPU = Debug|Any CPU
		Release|Any CPU = Release|Any CPU
	EndGlobalSection
	GlobalSection(ProjectConfigurationPlatforms) = postSolution
		{69CCD39D-DD7B-4519-A046-3CA3E9598BA5}.Debug|Any CPU.ActiveCfg = Debug|Any CPU
		{69CCD39D-DD7B-4519-A046-3CA3E9598BA5}.Debug|Any CPU.Build.0 = Debug|Any CPU
		{69CCD39D-DD7B-4519-A046-3CA3E9598BA5}.Release|Any CPU.ActiveCfg = Release|Any CPU
		{69CCD39D-DD7B-4519-A046-3CA3E9598BA5}.Release|Any CPU.Build.0 = Release|Any CPU
		{4D509477-4E36-4641-8986-2DD5BD73A1D2}.Debug|Any CPU.ActiveCfg = Debug|Any CPU
		{4D509477-4E36-4641-8986-2DD5BD73A1D2}.Debug|Any CPU.Build.0 = Debug|Any CPU
		{4D509477-4E36-4641-8986-2DD5BD73A1D2}.Release|Any CPU.ActiveCfg = Release|Any CPU
		{4D509477-4E36-4641-8986-2DD5BD73A1D2}.Release|Any CPU.Build.0 = Release|Any CPU
		{C1308158-390F-418E-A68D-B4E0A1406A13}.Debug|Any CPU.ActiveCfg = Debug|Any CPU
		{C1308158-390F-418E-A68D-B4E0A1406A13}.Debug|Any CPU.Build.0 = Debug|Any CPU
		{C1308158-390F-418E-A68D-B4E0A1406A13}.Release|Any CPU.ActiveCfg = Release|Any CPU
		{C1308158-390F-418E-A68D-B4E0A1406A13}.Release|Any CPU.Build.0 = Release|Any CPU
		{E3205686-ABE7-49DC-A122-9E1808C97F93}.Debug|Any CPU.ActiveCfg = Debug|Any CPU
		{E3205686-ABE7-49DC-A122-9E1808C97F93}.Debug|Any CPU.Build.0 = Debug|Any CPU
		{E3205686-ABE7-49DC-A122-9E1808C97F93}.Release|Any CPU.ActiveCfg = Release|Any CPU
		{E3205686-ABE7-49DC-A122-9E1808C97F93}.Release|Any CPU.Build.0 = Release|Any CPU
		{AECAD73A-25FA-4C9C-85F0-BA84B3014FFA}.Debug|Any CPU.ActiveCfg = Debug|Any CPU
		{AECAD73A-25FA-4C9C-85F0-BA84B3014FFA}.Debug|Any CPU.Build.0 = Debug|Any CPU
		{AECAD73A-25FA-4C9C-85F0-BA84B3014FFA}.Release|Any CPU.ActiveCfg = Release|Any CPU
		{AECAD73A-25FA-4C9C-85F0-BA84B3014FFA}.Release|Any CPU.Build.0 = Release|Any CPU
		{4DC1C029-D7F0-4CFE-99DD-F39FA40F64BA}.Debug|Any CPU.ActiveCfg = Debug|Any CPU
		{4DC1C029-D7F0-4CFE-99DD-F39FA40F64BA}.Debug|Any CPU.Build.0 = Debug|Any CPU
		{4DC1C029-D7F0-4CFE-99DD-F39FA40F64BA}.Release|Any CPU.ActiveCfg = Release|Any CPU
		{4DC1C029-D7F0-4CFE-99DD-F39FA40F64BA}.Release|Any CPU.Build.0 = Release|Any CPU
		{D6E6FDCC-FCD0-4441-8CD9-99CB7981A9C3}.Debug|Any CPU.ActiveCfg = Debug|Any CPU
		{D6E6FDCC-FCD0-4441-8CD9-99CB7981A9C3}.Debug|Any CPU.Build.0 = Debug|Any CPU
		{D6E6FDCC-FCD0-4441-8CD9-99CB7981A9C3}.Release|Any CPU.ActiveCfg = Release|Any CPU
		{D6E6FDCC-FCD0-4441-8CD9-99CB7981A9C3}.Release|Any CPU.Build.0 = Release|Any CPU
		{6A031DFB-8713-4A3E-823E-B433F5633BCE}.Debug|Any CPU.ActiveCfg = Debug|Any CPU
		{6A031DFB-8713-4A3E-823E-B433F5633BCE}.Debug|Any CPU.Build.0 = Debug|Any CPU
		{6A031DFB-8713-4A3E-823E-B433F5633BCE}.Release|Any CPU.ActiveCfg = Release|Any CPU
		{6A031DFB-8713-4A3E-823E-B433F5633BCE}.Release|Any CPU.Build.0 = Release|Any CPU
		{EA7C69A0-5C1B-48AD-B57E-9ADFE32EC83E}.Debug|Any CPU.ActiveCfg = Debug|Any CPU
		{EA7C69A0-5C1B-48AD-B57E-9ADFE32EC83E}.Debug|Any CPU.Build.0 = Debug|Any CPU
		{EA7C69A0-5C1B-48AD-B57E-9ADFE32EC83E}.Release|Any CPU.ActiveCfg = Release|Any CPU
		{EA7C69A0-5C1B-48AD-B57E-9ADFE32EC83E}.Release|Any CPU.Build.0 = Release|Any CPU
		{6399A040-C9C9-4D4E-B0D5-60334C35FDF2}.Debug|Any CPU.ActiveCfg = Debug|Any CPU
		{6399A040-C9C9-4D4E-B0D5-60334C35FDF2}.Debug|Any CPU.Build.0 = Debug|Any CPU
		{6399A040-C9C9-4D4E-B0D5-60334C35FDF2}.Release|Any CPU.ActiveCfg = Release|Any CPU
		{6399A040-C9C9-4D4E-B0D5-60334C35FDF2}.Release|Any CPU.Build.0 = Release|Any CPU
		{659669E3-70AD-4AA7-B526-DBB46C38DA49}.Debug|Any CPU.ActiveCfg = Debug|Any CPU
		{659669E3-70AD-4AA7-B526-DBB46C38DA49}.Debug|Any CPU.Build.0 = Debug|Any CPU
		{659669E3-70AD-4AA7-B526-DBB46C38DA49}.Release|Any CPU.ActiveCfg = Release|Any CPU
		{659669E3-70AD-4AA7-B526-DBB46C38DA49}.Release|Any CPU.Build.0 = Release|Any CPU
		{95B6A1E9-835B-48EB-8835-AA5C8F67E29A}.Debug|Any CPU.ActiveCfg = Debug|Any CPU
		{95B6A1E9-835B-48EB-8835-AA5C8F67E29A}.Debug|Any CPU.Build.0 = Debug|Any CPU
		{95B6A1E9-835B-48EB-8835-AA5C8F67E29A}.Release|Any CPU.ActiveCfg = Release|Any CPU
		{95B6A1E9-835B-48EB-8835-AA5C8F67E29A}.Release|Any CPU.Build.0 = Release|Any CPU
		{6B92931D-1E03-49D5-8AF0-270B33872EAD}.Debug|Any CPU.ActiveCfg = Debug|Any CPU
		{6B92931D-1E03-49D5-8AF0-270B33872EAD}.Debug|Any CPU.Build.0 = Debug|Any CPU
		{6B92931D-1E03-49D5-8AF0-270B33872EAD}.Release|Any CPU.ActiveCfg = Release|Any CPU
		{6B92931D-1E03-49D5-8AF0-270B33872EAD}.Release|Any CPU.Build.0 = Release|Any CPU
		{DFB7D077-FBF0-4485-90BA-58785EC7D0B2}.Debug|Any CPU.ActiveCfg = Debug|Any CPU
		{DFB7D077-FBF0-4485-90BA-58785EC7D0B2}.Debug|Any CPU.Build.0 = Debug|Any CPU
		{DFB7D077-FBF0-4485-90BA-58785EC7D0B2}.Release|Any CPU.ActiveCfg = Release|Any CPU
		{DFB7D077-FBF0-4485-90BA-58785EC7D0B2}.Release|Any CPU.Build.0 = Release|Any CPU
		{4680B961-E24E-4646-8596-C9CDA49C435A}.Debug|Any CPU.ActiveCfg = Debug|Any CPU
		{4680B961-E24E-4646-8596-C9CDA49C435A}.Debug|Any CPU.Build.0 = Debug|Any CPU
		{4680B961-E24E-4646-8596-C9CDA49C435A}.Release|Any CPU.ActiveCfg = Release|Any CPU
		{4680B961-E24E-4646-8596-C9CDA49C435A}.Release|Any CPU.Build.0 = Release|Any CPU
		{2303315D-1C5C-474A-876B-5F1294778EFF}.Debug|Any CPU.ActiveCfg = Debug|Any CPU
		{2303315D-1C5C-474A-876B-5F1294778EFF}.Debug|Any CPU.Build.0 = Debug|Any CPU
		{2303315D-1C5C-474A-876B-5F1294778EFF}.Release|Any CPU.ActiveCfg = Release|Any CPU
		{2303315D-1C5C-474A-876B-5F1294778EFF}.Release|Any CPU.Build.0 = Release|Any CPU
		{B717FE5F-6AB8-4EDD-AE71-8E421B259105}.Debug|Any CPU.ActiveCfg = Debug|Any CPU
		{B717FE5F-6AB8-4EDD-AE71-8E421B259105}.Debug|Any CPU.Build.0 = Debug|Any CPU
		{B717FE5F-6AB8-4EDD-AE71-8E421B259105}.Release|Any CPU.ActiveCfg = Release|Any CPU
		{B717FE5F-6AB8-4EDD-AE71-8E421B259105}.Release|Any CPU.Build.0 = Release|Any CPU
	EndGlobalSection
	GlobalSection(SolutionProperties) = preSolution
		HideSolutionNode = FALSE
	EndGlobalSection
	GlobalSection(NestedProjects) = preSolution
		{69CCD39D-DD7B-4519-A046-3CA3E9598BA5} = {C5FC6187-D205-4201-BF0C-64881BCEB3B0}
		{4D509477-4E36-4641-8986-2DD5BD73A1D2} = {C5FC6187-D205-4201-BF0C-64881BCEB3B0}
		{C1308158-390F-418E-A68D-B4E0A1406A13} = {C5FC6187-D205-4201-BF0C-64881BCEB3B0}
		{E3205686-ABE7-49DC-A122-9E1808C97F93} = {C5FC6187-D205-4201-BF0C-64881BCEB3B0}
		{AECAD73A-25FA-4C9C-85F0-BA84B3014FFA} = {7DF223F9-DA89-4F88-A58A-AE606FE5B34B}
		{4DC1C029-D7F0-4CFE-99DD-F39FA40F64BA} = {7DF223F9-DA89-4F88-A58A-AE606FE5B34B}
		{D6E6FDCC-FCD0-4441-8CD9-99CB7981A9C3} = {2564996B-926A-4C19-BC8F-88E1274FD0C9}
		{6A031DFB-8713-4A3E-823E-B433F5633BCE} = {2564996B-926A-4C19-BC8F-88E1274FD0C9}
		{EA7C69A0-5C1B-48AD-B57E-9ADFE32EC83E} = {005C0CCC-FF11-48F1-BCC6-D07950675B14}
		{6399A040-C9C9-4D4E-B0D5-60334C35FDF2} = {005C0CCC-FF11-48F1-BCC6-D07950675B14}
		{659669E3-70AD-4AA7-B526-DBB46C38DA49} = {005C0CCC-FF11-48F1-BCC6-D07950675B14}
		{95B6A1E9-835B-48EB-8835-AA5C8F67E29A} = {005C0CCC-FF11-48F1-BCC6-D07950675B14}
		{6B92931D-1E03-49D5-8AF0-270B33872EAD} = {005C0CCC-FF11-48F1-BCC6-D07950675B14}
		{DFB7D077-FBF0-4485-90BA-58785EC7D0B2} = {C5FC6187-D205-4201-BF0C-64881BCEB3B0}
		{4680B961-E24E-4646-8596-C9CDA49C435A} = {C5FC6187-D205-4201-BF0C-64881BCEB3B0}
		{2303315D-1C5C-474A-876B-5F1294778EFF} = {69A0C3AF-BBE3-47DF-A604-5213347D455E}
		{B717FE5F-6AB8-4EDD-AE71-8E421B259105} = {005C0CCC-FF11-48F1-BCC6-D07950675B14}
	EndGlobalSection
EndGlobal
