
Microsoft Visual Studio Solution File, Format Version 12.00
# Visual Studio 15
VisualStudioVersion = 15.0.26228.4
MinimumVisualStudioVersion = 10.0.40219.1
Project("{2150E333-8FDC-42A3-9474-1A3956D46DE8}") = "P7", "P7", "{C5FC6187-D205-4201-BF0C-64881BCEB3B0}"
EndProject
Project("{2150E333-8FDC-42A3-9474-1A3956D46DE8}") = "TheApp", "TheApp", "{005C0CCC-FF11-48F1-BCC6-D07950675B14}"
EndProject
Project("{2150E333-8FDC-42A3-9474-1A3956D46DE8}") = "asp.net Identity", "asp.net Identity", "{7DF223F9-DA89-4F88-A58A-AE606FE5B34B}"
EndProject
Project("{2150E333-8FDC-42A3-9474-1A3956D46DE8}") = "Biggy", "Biggy", "{2564996B-926A-4C19-BC8F-88E1274FD0C9}"
EndProject
Project("{2150E333-8FDC-42A3-9474-1A3956D46DE8}") = "Tests", "Tests", "{69A0C3AF-BBE3-47DF-A604-5213347D455E}"
EndProject
Project("{2150E333-8FDC-42A3-9474-1A3956D46DE8}") = "Stores", "Stores", "{C07E3070-8CEB-4D3C-867B-CD091826C516}"
EndProject
Project("{2150E333-8FDC-42A3-9474-1A3956D46DE8}") = "Solution Items", "Solution Items", "{1BACBE22-78C9-4912-8692-653A5C9CD345}"
	ProjectSection(SolutionItems) = preProject
		global.json = global.json
	EndProjectSection
EndProject
Project("{2150E333-8FDC-42A3-9474-1A3956D46DE8}") = "IdentityServer4", "IdentityServer4", "{AE3182A7-DDCE-403E-AC2C-00D158E3180B}"
EndProject
Project("{2150E333-8FDC-42A3-9474-1A3956D46DE8}") = "IdentityServer4", "IdentityServer4", "{CC854C3C-39AA-4A1D-A0C1-0E952B9CB7EF}"
EndProject
Project("{9A19103F-16F7-4668-BE54-9A1E7A4F7556}") = "P7.Core", "P7.Core\P7.Core.csproj", "{69CCD39D-DD7B-4519-A046-3CA3E9598BA5}"
EndProject
Project("{9A19103F-16F7-4668-BE54-9A1E7A4F7556}") = "P7.Filters", "P7.Filters\P7.Filters.csproj", "{4D509477-4E36-4641-8986-2DD5BD73A1D2}"
EndProject
Project("{9A19103F-16F7-4668-BE54-9A1E7A4F7556}") = "P7.Globalization", "P7.Globalization\P7.Globalization.csproj", "{C1308158-390F-418E-A68D-B4E0A1406A13}"
EndProject
Project("{9A19103F-16F7-4668-BE54-9A1E7A4F7556}") = "P7.SimpleRedirector", "P7.SimpleRedirector\P7.SimpleRedirector.csproj", "{E3205686-ABE7-49DC-A122-9E1808C97F93}"
EndProject
Project("{9A19103F-16F7-4668-BE54-9A1E7A4F7556}") = "DevAuth", "DevAuth\DevAuth.csproj", "{AECAD73A-25FA-4C9C-85F0-BA84B3014FFA}"
EndProject
Project("{9A19103F-16F7-4668-BE54-9A1E7A4F7556}") = "TwitterAuth", "TwitterAuth\TwitterAuth.csproj", "{4DC1C029-D7F0-4CFE-99DD-F39FA40F64BA}"
EndProject
Project("{9A19103F-16F7-4668-BE54-9A1E7A4F7556}") = "Hugo.Core", "Hugo.Biggy\Hugo.Core\Hugo.Core.csproj", "{D6E6FDCC-FCD0-4441-8CD9-99CB7981A9C3}"
EndProject
Project("{9A19103F-16F7-4668-BE54-9A1E7A4F7556}") = "Hugo.Data.Json", "Hugo.Biggy\Hugo.Data.Json\Hugo.Data.Json.csproj", "{6A031DFB-8713-4A3E-823E-B433F5633BCE}"
EndProject
Project("{9A19103F-16F7-4668-BE54-9A1E7A4F7556}") = "WebApplication5", "WebApplication5\WebApplication5.csproj", "{EA7C69A0-5C1B-48AD-B57E-9ADFE32EC83E}"
EndProject
Project("{9A19103F-16F7-4668-BE54-9A1E7A4F7556}") = "p7.Authorization", "p7.Authorization\p7.Authorization.csproj", "{6399A040-C9C9-4D4E-B0D5-60334C35FDF2}"
EndProject
Project("{9A19103F-16F7-4668-BE54-9A1E7A4F7556}") = "p7.main", "p7.main\p7.main.csproj", "{659669E3-70AD-4AA7-B526-DBB46C38DA49}"
EndProject
Project("{9A19103F-16F7-4668-BE54-9A1E7A4F7556}") = "p7.Services", "p7.Services\p7.Services.csproj", "{95B6A1E9-835B-48EB-8835-AA5C8F67E29A}"
EndProject
Project("{9A19103F-16F7-4668-BE54-9A1E7A4F7556}") = "Loc.HelloServices", "Loc.HelloServices\Loc.HelloServices.csproj", "{6B92931D-1E03-49D5-8AF0-270B33872EAD}"
EndProject
Project("{9A19103F-16F7-4668-BE54-9A1E7A4F7556}") = "P7.SimpleRedirect.Core", "P7.SimpleRedirect.Core\P7.SimpleRedirect.Core.csproj", "{DFB7D077-FBF0-4485-90BA-58785EC7D0B2}"
EndProject
Project("{9A19103F-16F7-4668-BE54-9A1E7A4F7556}") = "P7.GraphQLCore", "P7.GraphQLCore\P7.GraphQLCore.csproj", "{4680B961-E24E-4646-8596-C9CDA49C435A}"
EndProject
Project("{9A19103F-16F7-4668-BE54-9A1E7A4F7556}") = "Test.P7.GraphQLCoreTest", "Test.P7.GraphQLCoreTest\Test.P7.GraphQLCoreTest.csproj", "{2303315D-1C5C-474A-876B-5F1294778EFF}"
EndProject
Project("{9A19103F-16F7-4668-BE54-9A1E7A4F7556}") = "P7.GraphQLViewer", "P7.GraphQLViewer\P7.GraphQLViewer.csproj", "{B717FE5F-6AB8-4EDD-AE71-8E421B259105}"
EndProject
Project("{9A19103F-16F7-4668-BE54-9A1E7A4F7556}") = "P7.BlogStore.Core", "P7.BlogStore.Core\P7.BlogStore.Core.csproj", "{7D73432C-DDB8-4571-AEC7-268C4EE3598F}"
EndProject
Project("{9A19103F-16F7-4668-BE54-9A1E7A4F7556}") = "P7.BlogStore.Hugo", "P7.BlogStore.Hugo\P7.BlogStore.Hugo.csproj", "{8E5738CC-4A2F-490E-96CC-5D621EB9E7FA}"
EndProject
Project("{9A19103F-16F7-4668-BE54-9A1E7A4F7556}") = "P7.Store", "P7.Store\P7.Store.csproj", "{C093F641-24A1-4918-9AF0-49C0370EE65C}"
EndProject
Project("{9A19103F-16F7-4668-BE54-9A1E7A4F7556}") = "P7.IdentityServer4.BiggyStore", "P7.IdentityServer4.BiggyStore\P7.IdentityServer4.BiggyStore.csproj", "{8F3EBDD7-137A-41D0-978E-E7ACEAB63866}"
EndProject
Project("{9A19103F-16F7-4668-BE54-9A1E7A4F7556}") = "P7.HugoStore.Core", "P7.HugoStore.Core\P7.HugoStore.Core.csproj", "{964DFF57-4AA1-4BF4-8C8B-A0D61A39A253}"
EndProject
Project("{9A19103F-16F7-4668-BE54-9A1E7A4F7556}") = "P7.IdentityServer4.Common", "P7.IdentityServer4.Common\P7.IdentityServer4.Common.csproj", "{1599EFDB-C3C4-40CC-81FC-A551DBDE10B6}"
EndProject
Project("{9A19103F-16F7-4668-BE54-9A1E7A4F7556}") = "Test.P7.IdentityServer4.BiggyStore", "Test.P7.IdentityServer4.BiggyStore\Test.P7.IdentityServer4.BiggyStore.csproj", "{F749C9B9-E9F9-4B82-8104-4FA71FD6A7B3}"
EndProject
Project("{9A19103F-16F7-4668-BE54-9A1E7A4F7556}") = "P7.Biggy.Store", "P7.Biggy.Store\P7.Biggy.Store.csproj", "{5DE833FD-A623-4EE5-A923-F5F7A4AC495B}"
EndProject
Project("{9A19103F-16F7-4668-BE54-9A1E7A4F7556}") = "IdentityServer4.Console.Client", "IdentityServer4.Console.Client\IdentityServer4.Console.Client.csproj", "{DB1B9B1F-5A19-4576-BE76-5C377B1C279C}"
EndProject
Project("{9A19103F-16F7-4668-BE54-9A1E7A4F7556}") = "P7.SimpleDocument.Store", "P7.SimpleDocument.Store\P7.SimpleDocument.Store.csproj", "{B7EA850D-04D8-4DD9-BB26-94F898392774}"
EndProject
Project("{9A19103F-16F7-4668-BE54-9A1E7A4F7556}") = "P7.SimpleDocument.Store.Hugo", "P7.SimpleDocument.Store.Hugo\P7.SimpleDocument.Store.Hugo.csproj", "{22CA8642-4A00-4DAC-8290-4095FB4831A8}"
EndProject
Project("{2150E333-8FDC-42A3-9474-1A3956D46DE8}") = "GraphQL", "GraphQL", "{6BCC93FC-FCC9-4212-BE8A-887048F433E2}"
EndProject
Global
	GlobalSection(SolutionConfigurationPlatforms) = preSolution
		Debug|Any CPU = Debug|Any CPU
		Release|Any CPU = Release|Any CPU
	EndGlobalSection
	GlobalSection(ProjectConfigurationPlatforms) = postSolution
		{69CCD39D-DD7B-4519-A046-3CA3E9598BA5}.Debug|Any CPU.ActiveCfg = Debug|Any CPU
		{69CCD39D-DD7B-4519-A046-3CA3E9598BA5}.Debug|Any CPU.Build.0 = Debug|Any CPU
		{69CCD39D-DD7B-4519-A046-3CA3E9598BA5}.Release|Any CPU.ActiveCfg = Release|Any CPU
		{69CCD39D-DD7B-4519-A046-3CA3E9598BA5}.Release|Any CPU.Build.0 = Release|Any CPU
		{4D509477-4E36-4641-8986-2DD5BD73A1D2}.Debug|Any CPU.ActiveCfg = Debug|Any CPU
		{4D509477-4E36-4641-8986-2DD5BD73A1D2}.Debug|Any CPU.Build.0 = Debug|Any CPU
		{4D509477-4E36-4641-8986-2DD5BD73A1D2}.Release|Any CPU.ActiveCfg = Release|Any CPU
		{4D509477-4E36-4641-8986-2DD5BD73A1D2}.Release|Any CPU.Build.0 = Release|Any CPU
		{C1308158-390F-418E-A68D-B4E0A1406A13}.Debug|Any CPU.ActiveCfg = Debug|Any CPU
		{C1308158-390F-418E-A68D-B4E0A1406A13}.Debug|Any CPU.Build.0 = Debug|Any CPU
		{C1308158-390F-418E-A68D-B4E0A1406A13}.Release|Any CPU.ActiveCfg = Release|Any CPU
		{C1308158-390F-418E-A68D-B4E0A1406A13}.Release|Any CPU.Build.0 = Release|Any CPU
		{E3205686-ABE7-49DC-A122-9E1808C97F93}.Debug|Any CPU.ActiveCfg = Debug|Any CPU
		{E3205686-ABE7-49DC-A122-9E1808C97F93}.Debug|Any CPU.Build.0 = Debug|Any CPU
		{E3205686-ABE7-49DC-A122-9E1808C97F93}.Release|Any CPU.ActiveCfg = Release|Any CPU
		{E3205686-ABE7-49DC-A122-9E1808C97F93}.Release|Any CPU.Build.0 = Release|Any CPU
		{AECAD73A-25FA-4C9C-85F0-BA84B3014FFA}.Debug|Any CPU.ActiveCfg = Debug|Any CPU
		{AECAD73A-25FA-4C9C-85F0-BA84B3014FFA}.Debug|Any CPU.Build.0 = Debug|Any CPU
		{AECAD73A-25FA-4C9C-85F0-BA84B3014FFA}.Release|Any CPU.ActiveCfg = Release|Any CPU
		{AECAD73A-25FA-4C9C-85F0-BA84B3014FFA}.Release|Any CPU.Build.0 = Release|Any CPU
		{4DC1C029-D7F0-4CFE-99DD-F39FA40F64BA}.Debug|Any CPU.ActiveCfg = Debug|Any CPU
		{4DC1C029-D7F0-4CFE-99DD-F39FA40F64BA}.Debug|Any CPU.Build.0 = Debug|Any CPU
		{4DC1C029-D7F0-4CFE-99DD-F39FA40F64BA}.Release|Any CPU.ActiveCfg = Release|Any CPU
		{4DC1C029-D7F0-4CFE-99DD-F39FA40F64BA}.Release|Any CPU.Build.0 = Release|Any CPU
		{D6E6FDCC-FCD0-4441-8CD9-99CB7981A9C3}.Debug|Any CPU.ActiveCfg = Debug|Any CPU
		{D6E6FDCC-FCD0-4441-8CD9-99CB7981A9C3}.Debug|Any CPU.Build.0 = Debug|Any CPU
		{D6E6FDCC-FCD0-4441-8CD9-99CB7981A9C3}.Release|Any CPU.ActiveCfg = Release|Any CPU
		{D6E6FDCC-FCD0-4441-8CD9-99CB7981A9C3}.Release|Any CPU.Build.0 = Release|Any CPU
		{6A031DFB-8713-4A3E-823E-B433F5633BCE}.Debug|Any CPU.ActiveCfg = Debug|Any CPU
		{6A031DFB-8713-4A3E-823E-B433F5633BCE}.Debug|Any CPU.Build.0 = Debug|Any CPU
		{6A031DFB-8713-4A3E-823E-B433F5633BCE}.Release|Any CPU.ActiveCfg = Release|Any CPU
		{6A031DFB-8713-4A3E-823E-B433F5633BCE}.Release|Any CPU.Build.0 = Release|Any CPU
		{EA7C69A0-5C1B-48AD-B57E-9ADFE32EC83E}.Debug|Any CPU.ActiveCfg = Debug|Any CPU
		{EA7C69A0-5C1B-48AD-B57E-9ADFE32EC83E}.Debug|Any CPU.Build.0 = Debug|Any CPU
		{EA7C69A0-5C1B-48AD-B57E-9ADFE32EC83E}.Release|Any CPU.ActiveCfg = Release|Any CPU
		{EA7C69A0-5C1B-48AD-B57E-9ADFE32EC83E}.Release|Any CPU.Build.0 = Release|Any CPU
		{6399A040-C9C9-4D4E-B0D5-60334C35FDF2}.Debug|Any CPU.ActiveCfg = Debug|Any CPU
		{6399A040-C9C9-4D4E-B0D5-60334C35FDF2}.Debug|Any CPU.Build.0 = Debug|Any CPU
		{6399A040-C9C9-4D4E-B0D5-60334C35FDF2}.Release|Any CPU.ActiveCfg = Release|Any CPU
		{6399A040-C9C9-4D4E-B0D5-60334C35FDF2}.Release|Any CPU.Build.0 = Release|Any CPU
		{659669E3-70AD-4AA7-B526-DBB46C38DA49}.Debug|Any CPU.ActiveCfg = Debug|Any CPU
		{659669E3-70AD-4AA7-B526-DBB46C38DA49}.Debug|Any CPU.Build.0 = Debug|Any CPU
		{659669E3-70AD-4AA7-B526-DBB46C38DA49}.Release|Any CPU.ActiveCfg = Release|Any CPU
		{659669E3-70AD-4AA7-B526-DBB46C38DA49}.Release|Any CPU.Build.0 = Release|Any CPU
		{95B6A1E9-835B-48EB-8835-AA5C8F67E29A}.Debug|Any CPU.ActiveCfg = Debug|Any CPU
		{95B6A1E9-835B-48EB-8835-AA5C8F67E29A}.Debug|Any CPU.Build.0 = Debug|Any CPU
		{95B6A1E9-835B-48EB-8835-AA5C8F67E29A}.Release|Any CPU.ActiveCfg = Release|Any CPU
		{95B6A1E9-835B-48EB-8835-AA5C8F67E29A}.Release|Any CPU.Build.0 = Release|Any CPU
		{6B92931D-1E03-49D5-8AF0-270B33872EAD}.Debug|Any CPU.ActiveCfg = Debug|Any CPU
		{6B92931D-1E03-49D5-8AF0-270B33872EAD}.Debug|Any CPU.Build.0 = Debug|Any CPU
		{6B92931D-1E03-49D5-8AF0-270B33872EAD}.Release|Any CPU.ActiveCfg = Release|Any CPU
		{6B92931D-1E03-49D5-8AF0-270B33872EAD}.Release|Any CPU.Build.0 = Release|Any CPU
		{DFB7D077-FBF0-4485-90BA-58785EC7D0B2}.Debug|Any CPU.ActiveCfg = Debug|Any CPU
		{DFB7D077-FBF0-4485-90BA-58785EC7D0B2}.Debug|Any CPU.Build.0 = Debug|Any CPU
		{DFB7D077-FBF0-4485-90BA-58785EC7D0B2}.Release|Any CPU.ActiveCfg = Release|Any CPU
		{DFB7D077-FBF0-4485-90BA-58785EC7D0B2}.Release|Any CPU.Build.0 = Release|Any CPU
		{4680B961-E24E-4646-8596-C9CDA49C435A}.Debug|Any CPU.ActiveCfg = Debug|Any CPU
		{4680B961-E24E-4646-8596-C9CDA49C435A}.Debug|Any CPU.Build.0 = Debug|Any CPU
		{4680B961-E24E-4646-8596-C9CDA49C435A}.Release|Any CPU.ActiveCfg = Release|Any CPU
		{4680B961-E24E-4646-8596-C9CDA49C435A}.Release|Any CPU.Build.0 = Release|Any CPU
		{2303315D-1C5C-474A-876B-5F1294778EFF}.Debug|Any CPU.ActiveCfg = Debug|Any CPU
		{2303315D-1C5C-474A-876B-5F1294778EFF}.Debug|Any CPU.Build.0 = Debug|Any CPU
		{2303315D-1C5C-474A-876B-5F1294778EFF}.Release|Any CPU.ActiveCfg = Release|Any CPU
		{2303315D-1C5C-474A-876B-5F1294778EFF}.Release|Any CPU.Build.0 = Release|Any CPU
		{B717FE5F-6AB8-4EDD-AE71-8E421B259105}.Debug|Any CPU.ActiveCfg = Debug|Any CPU
		{B717FE5F-6AB8-4EDD-AE71-8E421B259105}.Debug|Any CPU.Build.0 = Debug|Any CPU
		{B717FE5F-6AB8-4EDD-AE71-8E421B259105}.Release|Any CPU.ActiveCfg = Release|Any CPU
		{B717FE5F-6AB8-4EDD-AE71-8E421B259105}.Release|Any CPU.Build.0 = Release|Any CPU
		{7D73432C-DDB8-4571-AEC7-268C4EE3598F}.Debug|Any CPU.ActiveCfg = Debug|Any CPU
		{7D73432C-DDB8-4571-AEC7-268C4EE3598F}.Debug|Any CPU.Build.0 = Debug|Any CPU
		{7D73432C-DDB8-4571-AEC7-268C4EE3598F}.Release|Any CPU.ActiveCfg = Release|Any CPU
		{7D73432C-DDB8-4571-AEC7-268C4EE3598F}.Release|Any CPU.Build.0 = Release|Any CPU
		{8E5738CC-4A2F-490E-96CC-5D621EB9E7FA}.Debug|Any CPU.ActiveCfg = Debug|Any CPU
		{8E5738CC-4A2F-490E-96CC-5D621EB9E7FA}.Debug|Any CPU.Build.0 = Debug|Any CPU
		{8E5738CC-4A2F-490E-96CC-5D621EB9E7FA}.Release|Any CPU.ActiveCfg = Release|Any CPU
		{8E5738CC-4A2F-490E-96CC-5D621EB9E7FA}.Release|Any CPU.Build.0 = Release|Any CPU
		{C093F641-24A1-4918-9AF0-49C0370EE65C}.Debug|Any CPU.ActiveCfg = Debug|Any CPU
		{C093F641-24A1-4918-9AF0-49C0370EE65C}.Debug|Any CPU.Build.0 = Debug|Any CPU
		{C093F641-24A1-4918-9AF0-49C0370EE65C}.Release|Any CPU.ActiveCfg = Release|Any CPU
		{C093F641-24A1-4918-9AF0-49C0370EE65C}.Release|Any CPU.Build.0 = Release|Any CPU
		{8F3EBDD7-137A-41D0-978E-E7ACEAB63866}.Debug|Any CPU.ActiveCfg = Debug|Any CPU
		{8F3EBDD7-137A-41D0-978E-E7ACEAB63866}.Debug|Any CPU.Build.0 = Debug|Any CPU
		{8F3EBDD7-137A-41D0-978E-E7ACEAB63866}.Release|Any CPU.ActiveCfg = Release|Any CPU
		{8F3EBDD7-137A-41D0-978E-E7ACEAB63866}.Release|Any CPU.Build.0 = Release|Any CPU
		{964DFF57-4AA1-4BF4-8C8B-A0D61A39A253}.Debug|Any CPU.ActiveCfg = Debug|Any CPU
		{964DFF57-4AA1-4BF4-8C8B-A0D61A39A253}.Debug|Any CPU.Build.0 = Debug|Any CPU
		{964DFF57-4AA1-4BF4-8C8B-A0D61A39A253}.Release|Any CPU.ActiveCfg = Release|Any CPU
		{964DFF57-4AA1-4BF4-8C8B-A0D61A39A253}.Release|Any CPU.Build.0 = Release|Any CPU
		{1599EFDB-C3C4-40CC-81FC-A551DBDE10B6}.Debug|Any CPU.ActiveCfg = Debug|Any CPU
		{1599EFDB-C3C4-40CC-81FC-A551DBDE10B6}.Debug|Any CPU.Build.0 = Debug|Any CPU
		{1599EFDB-C3C4-40CC-81FC-A551DBDE10B6}.Release|Any CPU.ActiveCfg = Release|Any CPU
		{1599EFDB-C3C4-40CC-81FC-A551DBDE10B6}.Release|Any CPU.Build.0 = Release|Any CPU
		{F749C9B9-E9F9-4B82-8104-4FA71FD6A7B3}.Debug|Any CPU.ActiveCfg = Debug|Any CPU
		{F749C9B9-E9F9-4B82-8104-4FA71FD6A7B3}.Debug|Any CPU.Build.0 = Debug|Any CPU
		{F749C9B9-E9F9-4B82-8104-4FA71FD6A7B3}.Release|Any CPU.ActiveCfg = Release|Any CPU
		{F749C9B9-E9F9-4B82-8104-4FA71FD6A7B3}.Release|Any CPU.Build.0 = Release|Any CPU
		{5DE833FD-A623-4EE5-A923-F5F7A4AC495B}.Debug|Any CPU.ActiveCfg = Debug|Any CPU
		{5DE833FD-A623-4EE5-A923-F5F7A4AC495B}.Debug|Any CPU.Build.0 = Debug|Any CPU
		{5DE833FD-A623-4EE5-A923-F5F7A4AC495B}.Release|Any CPU.ActiveCfg = Release|Any CPU
		{5DE833FD-A623-4EE5-A923-F5F7A4AC495B}.Release|Any CPU.Build.0 = Release|Any CPU
		{DB1B9B1F-5A19-4576-BE76-5C377B1C279C}.Debug|Any CPU.ActiveCfg = Debug|Any CPU
		{DB1B9B1F-5A19-4576-BE76-5C377B1C279C}.Debug|Any CPU.Build.0 = Debug|Any CPU
		{DB1B9B1F-5A19-4576-BE76-5C377B1C279C}.Release|Any CPU.ActiveCfg = Release|Any CPU
		{DB1B9B1F-5A19-4576-BE76-5C377B1C279C}.Release|Any CPU.Build.0 = Release|Any CPU
		{B7EA850D-04D8-4DD9-BB26-94F898392774}.Debug|Any CPU.ActiveCfg = Debug|Any CPU
		{B7EA850D-04D8-4DD9-BB26-94F898392774}.Debug|Any CPU.Build.0 = Debug|Any CPU
		{B7EA850D-04D8-4DD9-BB26-94F898392774}.Release|Any CPU.ActiveCfg = Release|Any CPU
		{B7EA850D-04D8-4DD9-BB26-94F898392774}.Release|Any CPU.Build.0 = Release|Any CPU
		{22CA8642-4A00-4DAC-8290-4095FB4831A8}.Debug|Any CPU.ActiveCfg = Debug|Any CPU
		{22CA8642-4A00-4DAC-8290-4095FB4831A8}.Debug|Any CPU.Build.0 = Debug|Any CPU
		{22CA8642-4A00-4DAC-8290-4095FB4831A8}.Release|Any CPU.ActiveCfg = Release|Any CPU
		{22CA8642-4A00-4DAC-8290-4095FB4831A8}.Release|Any CPU.Build.0 = Release|Any CPU
	EndGlobalSection
	GlobalSection(SolutionProperties) = preSolution
		HideSolutionNode = FALSE
	EndGlobalSection
	GlobalSection(NestedProjects) = preSolution
		{CC854C3C-39AA-4A1D-A0C1-0E952B9CB7EF} = {69A0C3AF-BBE3-47DF-A604-5213347D455E}
		{69CCD39D-DD7B-4519-A046-3CA3E9598BA5} = {C5FC6187-D205-4201-BF0C-64881BCEB3B0}
		{4D509477-4E36-4641-8986-2DD5BD73A1D2} = {C5FC6187-D205-4201-BF0C-64881BCEB3B0}
		{C1308158-390F-418E-A68D-B4E0A1406A13} = {C5FC6187-D205-4201-BF0C-64881BCEB3B0}
		{E3205686-ABE7-49DC-A122-9E1808C97F93} = {C5FC6187-D205-4201-BF0C-64881BCEB3B0}
		{AECAD73A-25FA-4C9C-85F0-BA84B3014FFA} = {7DF223F9-DA89-4F88-A58A-AE606FE5B34B}
		{4DC1C029-D7F0-4CFE-99DD-F39FA40F64BA} = {7DF223F9-DA89-4F88-A58A-AE606FE5B34B}
		{D6E6FDCC-FCD0-4441-8CD9-99CB7981A9C3} = {2564996B-926A-4C19-BC8F-88E1274FD0C9}
		{6A031DFB-8713-4A3E-823E-B433F5633BCE} = {2564996B-926A-4C19-BC8F-88E1274FD0C9}
		{EA7C69A0-5C1B-48AD-B57E-9ADFE32EC83E} = {005C0CCC-FF11-48F1-BCC6-D07950675B14}
		{6399A040-C9C9-4D4E-B0D5-60334C35FDF2} = {005C0CCC-FF11-48F1-BCC6-D07950675B14}
		{659669E3-70AD-4AA7-B526-DBB46C38DA49} = {005C0CCC-FF11-48F1-BCC6-D07950675B14}
		{95B6A1E9-835B-48EB-8835-AA5C8F67E29A} = {005C0CCC-FF11-48F1-BCC6-D07950675B14}
		{6B92931D-1E03-49D5-8AF0-270B33872EAD} = {005C0CCC-FF11-48F1-BCC6-D07950675B14}
		{DFB7D077-FBF0-4485-90BA-58785EC7D0B2} = {C5FC6187-D205-4201-BF0C-64881BCEB3B0}
		{4680B961-E24E-4646-8596-C9CDA49C435A} = {C5FC6187-D205-4201-BF0C-64881BCEB3B0}
		{2303315D-1C5C-474A-876B-5F1294778EFF} = {69A0C3AF-BBE3-47DF-A604-5213347D455E}
		{B717FE5F-6AB8-4EDD-AE71-8E421B259105} = {005C0CCC-FF11-48F1-BCC6-D07950675B14}
		{7D73432C-DDB8-4571-AEC7-268C4EE3598F} = {C07E3070-8CEB-4D3C-867B-CD091826C516}
		{8E5738CC-4A2F-490E-96CC-5D621EB9E7FA} = {C07E3070-8CEB-4D3C-867B-CD091826C516}
		{C093F641-24A1-4918-9AF0-49C0370EE65C} = {C07E3070-8CEB-4D3C-867B-CD091826C516}
		{8F3EBDD7-137A-41D0-978E-E7ACEAB63866} = {AE3182A7-DDCE-403E-AC2C-00D158E3180B}
		{964DFF57-4AA1-4BF4-8C8B-A0D61A39A253} = {C07E3070-8CEB-4D3C-867B-CD091826C516}
		{1599EFDB-C3C4-40CC-81FC-A551DBDE10B6} = {AE3182A7-DDCE-403E-AC2C-00D158E3180B}
		{F749C9B9-E9F9-4B82-8104-4FA71FD6A7B3} = {CC854C3C-39AA-4A1D-A0C1-0E952B9CB7EF}
		{5DE833FD-A623-4EE5-A923-F5F7A4AC495B} = {2564996B-926A-4C19-BC8F-88E1274FD0C9}
		{DB1B9B1F-5A19-4576-BE76-5C377B1C279C} = {005C0CCC-FF11-48F1-BCC6-D07950675B14}
		{B7EA850D-04D8-4DD9-BB26-94F898392774} = {C07E3070-8CEB-4D3C-867B-CD091826C516}
		{22CA8642-4A00-4DAC-8290-4095FB4831A8} = {C07E3070-8CEB-4D3C-867B-CD091826C516}
	EndGlobalSection
EndGlobal
